# This file was autogenerated by Stack.
# You should not edit this file by hand.
# For more information, please see the documentation at:
#   https://docs.haskellstack.org/en/stable/lock_files

packages:
- completed:
    hackage: JuicyPixels-3.3.5@sha256:5c67dc066d67f5045221a8202f701f4c77eab8220f44414c00fadcdc3e4f872b,3911
    pantry-tree:
      size: 2724
      sha256: e509268878581ec17929cab9ee6cc30ef05f6c203e760f49865547249fbb9d48
  original:
    hackage: JuicyPixels-3.3.5
- completed:
    hackage: parallel-3.2.2.0@sha256:421ce1717610bab82969572b96be89d83ea8d8afe7751cb54d80b996fff063d3,1817
    pantry-tree:
      size: 392
      sha256: 6bfa287011af901266cde7a7616f0f1d46afd60bd1584d8eba87e86028f0ac72
  original:
    hackage: parallel-3.2.2.0
- completed:
    hackage: gloss-1.13.2.1@sha256:273d02d30e1896932d45424dab6022a16986c0ed3eef6937776b5f40854ce51c,4075
    pantry-tree:
      size: 3807
      sha256: 1bcac9962bad9412bfb3c3a694fcdaae7097ee4071b03fc1dc5ab6047baad01b
  original:
    hackage: gloss-1.13.2.1
snapshots:
- completed:
    size: 524996
    url: https://raw.githubusercontent.com/commercialhaskell/stackage-snapshots/master/lts/14/27.yaml
    sha256: 7ea31a280c56bf36ff591a7397cc384d0dff622e7f9e4225b47d8980f019a0f0
  original: lts-14.27
